Microsoft Visual Studio Solution File, Format Version 12.00
# Visual Studio Version 17
VisualStudioVersion = 17.5.2.0
MinimumVisualStudioVersion = 10.0.40219.1
Project("{FAE04EC0-301F-11D3-BF4B-00C04F79EFBC}") = "HalloWelt", "HalloWelt.csproj", "{A363F1DE-9F42-5D3D-F217-32FABCD5598B}"
EndProject
Global
	GlobalSection(SolutionConfigurationPlatforms) = preSolution
		Debug|Any CPU = Debug|Any CPU
		Release|Any CPU = Release|Any CPU
	EndGlobalSection
	GlobalSection(ProjectConfigurationPlatforms) = postSolution
		{A363F1DE-9F42-5D3D-F217-32FABCD5598B}.Debug|Any CPU.ActiveCfg = Debug|Any CPU
		{A363F1DE-9F42-5D3D-F217-32FABCD5598B}.Debug|Any CPU.Build.0 = Debug|Any CPU
		{A363F1DE-9F42-5D3D-F217-32FABCD5598B}.Release|Any CPU.ActiveCfg = Release|Any CPU
		{A363F1DE-9F42-5D3D-F217-32FABCD5598B}.Release|Any CPU.Build.0 = Release|Any CPU
	EndGlobalSection
	GlobalSection(SolutionProperties) = preSolution
		HideSolutionNode = FALSE
	EndGlobalSection
	GlobalSection(ExtensibilityGlobals) = postSolution
		SolutionGuid = {9DAD5E56-CD39-4613-AA13-FFA93EB6FDF3}
	EndGlobalSection
EndGlobal
